// !$*UTF8*$!
{
	archiveVersion = 1;
	classes = {
	};
	objectVersion = 56;
	objects = {

/* Begin PBXBuildFile section */
		A57E151129C0A62900129006 /* AppDelegate.swift in Sources */ = {isa = PBXBuildFile; fileRef = A57E151029C0A62900129006 /* AppDelegate.swift */; };
		A57E151329C0A62900129006 /* SceneDelegate.swift in Sources */ = {isa = PBXBuildFile; fileRef = A57E151229C0A62900129006 /* SceneDelegate.swift */; };
		A57E151529C0A62900129006 /* DealsListViewController.swift in Sources */ = {isa = PBXBuildFile; fileRef = A57E151429C0A62900129006 /* DealsListViewController.swift */; };
		A57E151A29C0A62B00129006 /* Assets.xcassets in Resources */ = {isa = PBXBuildFile; fileRef = A57E151929C0A62B00129006 /* Assets.xcassets */; };
		A57E151D29C0A62B00129006 /* LaunchScreen.storyboard in Resources */ = {isa = PBXBuildFile; fileRef = A57E151B29C0A62B00129006 /* LaunchScreen.storyboard */; };
		A57E152829C0A62B00129006 /* NTProTestTests.swift in Sources */ = {isa = PBXBuildFile; fileRef = A57E152729C0A62B00129006 /* NTProTestTests.swift */; };
		A57E153229C0A62B00129006 /* NTProTestUITests.swift in Sources */ = {isa = PBXBuildFile; fileRef = A57E153129C0A62B00129006 /* NTProTestUITests.swift */; };
		A57E153429C0A62B00129006 /* NTProTestUITestsLaunchTests.swift in Sources */ = {isa = PBXBuildFile; fileRef = A57E153329C0A62B00129006 /* NTProTestUITestsLaunchTests.swift */; };
		A57E154329C0ABB800129006 /* DealCell.swift in Sources */ = {isa = PBXBuildFile; fileRef = A57E154229C0ABB800129006 /* DealCell.swift */; };
		A57E154729C0ACA100129006 /* HeaderCell.swift in Sources */ = {isa = PBXBuildFile; fileRef = A57E154629C0ACA100129006 /* HeaderCell.swift */; };
		A57E154929C0E37100129006 /* FiltersView.swift in Sources */ = {isa = PBXBuildFile; fileRef = A57E154829C0E37100129006 /* FiltersView.swift */; };
		A57E154B29C0F58800129006 /* Server.swift in Sources */ = {isa = PBXBuildFile; fileRef = A57E154A29C0F58800129006 /* Server.swift */; };
		A57E154D29C0F59600129006 /* Deal.swift in Sources */ = {isa = PBXBuildFile; fileRef = A57E154C29C0F59600129006 /* Deal.swift */; };
		A57E155229C0F61F00129006 /* DealsPresenter.swift in Sources */ = {isa = PBXBuildFile; fileRef = A57E155129C0F61F00129006 /* DealsPresenter.swift */; };
		A57E155429C0F63A00129006 /* DealsPresenterProtocol.swift in Sources */ = {isa = PBXBuildFile; fileRef = A57E155329C0F63A00129006 /* DealsPresenterProtocol.swift */; };
		A57E155629C0F64E00129006 /* DealsViewProtocol.swift in Sources */ = {isa = PBXBuildFile; fileRef = A57E155529C0F64E00129006 /* DealsViewProtocol.swift */; };
		A57E155829C0F76500129006 /* DealsModulBuilder.swift in Sources */ = {isa = PBXBuildFile; fileRef = A57E155729C0F76500129006 /* DealsModulBuilder.swift */; };
		A57E155A29C0F81B00129006 /* ServerProtocol.swift in Sources */ = {isa = PBXBuildFile; fileRef = A57E155929C0F81B00129006 /* ServerProtocol.swift */; };
		A57E155E29C0F8BB00129006 /* Routable.swift in Sources */ = {isa = PBXBuildFile; fileRef = A57E155D29C0F8BB00129006 /* Routable.swift */; };
		A57E156129C0F90100129006 /* DealsRouter.swift in Sources */ = {isa = PBXBuildFile; fileRef = A57E156029C0F90100129006 /* DealsRouter.swift */; };
		A57E156829C10ADF00129006 /* FiltersTypes.swift in Sources */ = {isa = PBXBuildFile; fileRef = A57E156729C10ADF00129006 /* FiltersTypes.swift */; };
/* End PBXBuildFile section */

/* Begin PBXContainerItemProxy section */
		A57E152429C0A62B00129006 /* PBXContainerItemProxy */ = {
			isa = PBXContainerItemProxy;
			containerPortal = A57E150529C0A62900129006 /* Project object */;
			proxyType = 1;
			remoteGlobalIDString = A57E150C29C0A62900129006;
			remoteInfo = NTProTest;
		};
		A57E152E29C0A62B00129006 /* PBXContainerItemProxy */ = {
			isa = PBXContainerItemProxy;
			containerPortal = A57E150529C0A62900129006 /* Project object */;
			proxyType = 1;
			remoteGlobalIDString = A57E150C29C0A62900129006;
			remoteInfo = NTProTest;
		};
/* End PBXContainerItemProxy section */

/* Begin PBXFileReference section */
		A57E150D29C0A62900129006 /* NTProTest.app */ = {isa = PBXFileReference; explicitFileType = wrapper.application; includeInIndex = 0; path = NTProTest.app; sourceTree = BUILT_PRODUCTS_DIR; };
		A57E151029C0A62900129006 /* AppDelegate.swift */ = {isa = PBXFileReference; lastKnownFileType = sourcecode.swift; path = AppDelegate.swift; sourceTree = "<group>"; };
		A57E151229C0A62900129006 /* SceneDelegate.swift */ = {isa = PBXFileReference; lastKnownFileType = sourcecode.swift; path = SceneDelegate.swift; sourceTree = "<group>"; };
		A57E151429C0A62900129006 /* DealsListViewController.swift */ = {isa = PBXFileReference; lastKnownFileType = sourcecode.swift; path = DealsListViewController.swift; sourceTree = "<group>"; };
		A57E151929C0A62B00129006 /* Assets.xcassets */ = {isa = PBXFileReference; lastKnownFileType = folder.assetcatalog; path = Assets.xcassets; sourceTree = "<group>"; };
		A57E151C29C0A62B00129006 /* Base */ = {isa = PBXFileReference; lastKnownFileType = file.storyboard; name = Base; path = Base.lproj/LaunchScreen.storyboard; sourceTree = "<group>"; };
		A57E151E29C0A62B00129006 /* Info.plist */ = {isa = PBXFileReference; lastKnownFileType = text.plist.xml; path = Info.plist; sourceTree = "<group>"; };
		A57E152329C0A62B00129006 /* NTProTestTests.xctest */ = {isa = PBXFileReference; explicitFileType = wrapper.cfbundle; includeInIndex = 0; path = NTProTestTests.xctest; sourceTree = BUILT_PRODUCTS_DIR; };
		A57E152729C0A62B00129006 /* NTProTestTests.swift */ = {isa = PBXFileReference; lastKnownFileType = sourcecode.swift; path = NTProTestTests.swift; sourceTree = "<group>"; };
		A57E152D29C0A62B00129006 /* NTProTestUITests.xctest */ = {isa = PBXFileReference; explicitFileType = wrapper.cfbundle; includeInIndex = 0; path = NTProTestUITests.xctest; sourceTree = BUILT_PRODUCTS_DIR; };
		A57E153129C0A62B00129006 /* NTProTestUITests.swift */ = {isa = PBXFileReference; lastKnownFileType = sourcecode.swift; path = NTProTestUITests.swift; sourceTree = "<group>"; };
		A57E153329C0A62B00129006 /* NTProTestUITestsLaunchTests.swift */ = {isa = PBXFileReference; lastKnownFileType = sourcecode.swift; path = NTProTestUITestsLaunchTests.swift; sourceTree = "<group>"; };
		A57E154229C0ABB800129006 /* DealCell.swift */ = {isa = PBXFileReference; lastKnownFileType = sourcecode.swift; path = DealCell.swift; sourceTree = "<group>"; };
		A57E154629C0ACA100129006 /* HeaderCell.swift */ = {isa = PBXFileReference; lastKnownFileType = sourcecode.swift; path = HeaderCell.swift; sourceTree = "<group>"; };
		A57E154829C0E37100129006 /* FiltersView.swift */ = {isa = PBXFileReference; lastKnownFileType = sourcecode.swift; path = FiltersView.swift; sourceTree = "<group>"; };
		A57E154A29C0F58800129006 /* Server.swift */ = {isa = PBXFileReference; lastKnownFileType = sourcecode.swift; path = Server.swift; sourceTree = "<group>"; };
		A57E154C29C0F59600129006 /* Deal.swift */ = {isa = PBXFileReference; lastKnownFileType = sourcecode.swift; path = Deal.swift; sourceTree = "<group>"; };
		A57E155129C0F61F00129006 /* DealsPresenter.swift */ = {isa = PBXFileReference; lastKnownFileType = sourcecode.swift; path = DealsPresenter.swift; sourceTree = "<group>"; };
		A57E155329C0F63A00129006 /* DealsPresenterProtocol.swift */ = {isa = PBXFileReference; lastKnownFileType = sourcecode.swift; path = DealsPresenterProtocol.swift; sourceTree = "<group>"; };
		A57E155529C0F64E00129006 /* DealsViewProtocol.swift */ = {isa = PBXFileReference; lastKnownFileType = sourcecode.swift; path = DealsViewProtocol.swift; sourceTree = "<group>"; };
		A57E155729C0F76500129006 /* DealsModulBuilder.swift */ = {isa = PBXFileReference; lastKnownFileType = sourcecode.swift; path = DealsModulBuilder.swift; sourceTree = "<group>"; };
		A57E155929C0F81B00129006 /* ServerProtocol.swift */ = {isa = PBXFileReference; lastKnownFileType = sourcecode.swift; path = ServerProtocol.swift; sourceTree = "<group>"; };
		A57E155D29C0F8BB00129006 /* Routable.swift */ = {isa = PBXFileReference; lastKnownFileType = sourcecode.swift; path = Routable.swift; sourceTree = "<group>"; };
		A57E156029C0F90100129006 /* DealsRouter.swift */ = {isa = PBXFileReference; lastKnownFileType = sourcecode.swift; path = DealsRouter.swift; sourceTree = "<group>"; };
		A57E156729C10ADF00129006 /* FiltersTypes.swift */ = {isa = PBXFileReference; lastKnownFileType = sourcecode.swift; path = FiltersTypes.swift; sourceTree = "<group>"; };
/* End PBXFileReference section */

/* Begin PBXFrameworksBuildPhase section */
		A57E150A29C0A62900129006 /* Frameworks */ = {
			isa = PBXFrameworksBuildPhase;
			buildActionMask = 2147483647;
			files = (
			);
			runOnlyForDeploymentPostprocessing = 0;
		};
		A57E152029C0A62B00129006 /* Frameworks */ = {
			isa = PBXFrameworksBuildPhase;
			buildActionMask = 2147483647;
			files = (
			);
			runOnlyForDeploymentPostprocessing = 0;
		};
		A57E152A29C0A62B00129006 /* Frameworks */ = {
			isa = PBXFrameworksBuildPhase;
			buildActionMask = 2147483647;
			files = (
			);
			runOnlyForDeploymentPostprocessing = 0;
		};
/* End PBXFrameworksBuildPhase section */

/* Begin PBXGroup section */
		A57E150429C0A62900129006 = {
			isa = PBXGroup;
			children = (
				A57E150F29C0A62900129006 /* NTProTest */,
				A57E152629C0A62B00129006 /* NTProTestTests */,
				A57E153029C0A62B00129006 /* NTProTestUITests */,
				A57E150E29C0A62900129006 /* Products */,
			);
			sourceTree = "<group>";
		};
		A57E150E29C0A62900129006 /* Products */ = {
			isa = PBXGroup;
			children = (
				A57E150D29C0A62900129006 /* NTProTest.app */,
				A57E152329C0A62B00129006 /* NTProTestTests.xctest */,
				A57E152D29C0A62B00129006 /* NTProTestUITests.xctest */,
			);
			name = Products;
			sourceTree = "<group>";
		};
		A57E150F29C0A62900129006 /* NTProTest */ = {
			isa = PBXGroup;
			children = (
				A57E151029C0A62900129006 /* AppDelegate.swift */,
				A57E151229C0A62900129006 /* SceneDelegate.swift */,
				A57E154E29C0F5DB00129006 /* View */,
				A57E155029C0F5F600129006 /* DealsPresenter */,
				A57E156229C0F9BC00129006 /* Server */,
				A57E155F29C0F8D700129006 /* Router */,
				A57E156929C116DB00129006 /* Models */,
				A57E155729C0F76500129006 /* DealsModulBuilder.swift */,
				A57E156729C10ADF00129006 /* FiltersTypes.swift */,
				A57E151929C0A62B00129006 /* Assets.xcassets */,
				A57E151B29C0A62B00129006 /* LaunchScreen.storyboard */,
				A57E151E29C0A62B00129006 /* Info.plist */,
			);
			path = NTProTest;
			sourceTree = "<group>";
		};
		A57E152629C0A62B00129006 /* NTProTestTests */ = {
			isa = PBXGroup;
			children = (
				A57E152729C0A62B00129006 /* NTProTestTests.swift */,
			);
			path = NTProTestTests;
			sourceTree = "<group>";
		};
		A57E153029C0A62B00129006 /* NTProTestUITests */ = {
			isa = PBXGroup;
			children = (
				A57E153129C0A62B00129006 /* NTProTestUITests.swift */,
				A57E153329C0A62B00129006 /* NTProTestUITestsLaunchTests.swift */,
			);
			path = NTProTestUITests;
			sourceTree = "<group>";
		};
		A57E154E29C0F5DB00129006 /* View */ = {
			isa = PBXGroup;
			children = (
				A57E151429C0A62900129006 /* DealsListViewController.swift */,
				A57E155529C0F64E00129006 /* DealsViewProtocol.swift */,
				A57E154F29C0F5E400129006 /* Cells */,
			);
			path = View;
			sourceTree = "<group>";
		};
		A57E154F29C0F5E400129006 /* Cells */ = {
			isa = PBXGroup;
			children = (
				A57E154229C0ABB800129006 /* DealCell.swift */,
				A57E154629C0ACA100129006 /* HeaderCell.swift */,
				A57E154829C0E37100129006 /* FiltersView.swift */,
			);
			path = Cells;
			sourceTree = "<group>";
		};
		A57E155029C0F5F600129006 /* DealsPresenter */ = {
			isa = PBXGroup;
			children = (
				A57E155129C0F61F00129006 /* DealsPresenter.swift */,
				A57E155329C0F63A00129006 /* DealsPresenterProtocol.swift */,
			);
			path = DealsPresenter;
			sourceTree = "<group>";
		};
		A57E155F29C0F8D700129006 /* Router */ = {
			isa = PBXGroup;
			children = (
				A57E155D29C0F8BB00129006 /* Routable.swift */,
				A57E156029C0F90100129006 /* DealsRouter.swift */,
			);
			path = Router;
			sourceTree = "<group>";
		};
		A57E156229C0F9BC00129006 /* Server */ = {
			isa = PBXGroup;
			children = (
				A57E155929C0F81B00129006 /* ServerProtocol.swift */,
				A57E154A29C0F58800129006 /* Server.swift */,
			);
			path = Server;
			sourceTree = "<group>";
		};
		A57E156929C116DB00129006 /* Models */ = {
			isa = PBXGroup;
			children = (
				A57E154C29C0F59600129006 /* Deal.swift */,
			);
			path = Models;
			sourceTree = "<group>";
		};
/* End PBXGroup section */

/* Begin PBXNativeTarget section */
		A57E150C29C0A62900129006 /* NTProTest */ = {
			isa = PBXNativeTarget;
			buildConfigurationList = A57E153729C0A62B00129006 /* Build configuration list for PBXNativeTarget "NTProTest" */;
			buildPhases = (
				A57E150929C0A62900129006 /* Sources */,
				A57E150A29C0A62900129006 /* Frameworks */,
				A57E150B29C0A62900129006 /* Resources */,
			);
			buildRules = (
			);
			dependencies = (
			);
			name = NTProTest;
			productName = NTProTest;
			productReference = A57E150D29C0A62900129006 /* NTProTest.app */;
			productType = "com.apple.product-type.application";
		};
		A57E152229C0A62B00129006 /* NTProTestTests */ = {
			isa = PBXNativeTarget;
			buildConfigurationList = A57E153A29C0A62B00129006 /* Build configuration list for PBXNativeTarget "NTProTestTests" */;
			buildPhases = (
				A57E151F29C0A62B00129006 /* Sources */,
				A57E152029C0A62B00129006 /* Frameworks */,
				A57E152129C0A62B00129006 /* Resources */,
			);
			buildRules = (
			);
			dependencies = (
				A57E152529C0A62B00129006 /* PBXTargetDependency */,
			);
			name = NTProTestTests;
			productName = NTProTestTests;
			productReference = A57E152329C0A62B00129006 /* NTProTestTests.xctest */;
			productType = "com.apple.product-type.bundle.unit-test";
		};
		A57E152C29C0A62B00129006 /* NTProTestUITests */ = {
			isa = PBXNativeTarget;
			buildConfigurationList = A57E153D29C0A62B00129006 /* Build configuration list for PBXNativeTarget "NTProTestUITests" */;
			buildPhases = (
				A57E152929C0A62B00129006 /* Sources */,
				A57E152A29C0A62B00129006 /* Frameworks */,
				A57E152B29C0A62B00129006 /* Resources */,
			);
			buildRules = (
			);
			dependencies = (
				A57E152F29C0A62B00129006 /* PBXTargetDependency */,
			);
			name = NTProTestUITests;
			productName = NTProTestUITests;
			productReference = A57E152D29C0A62B00129006 /* NTProTestUITests.xctest */;
			productType = "com.apple.product-type.bundle.ui-testing";
		};
/* End PBXNativeTarget section */

/* Begin PBXProject section */
		A57E150529C0A62900129006 /* Project object */ = {
			isa = PBXProject;
			attributes = {
				BuildIndependentTargetsInParallel = 1;
				LastSwiftUpdateCheck = 1400;
				LastUpgradeCheck = 1400;
				TargetAttributes = {
					A57E150C29C0A62900129006 = {
						CreatedOnToolsVersion = 14.0.1;
					};
					A57E152229C0A62B00129006 = {
						CreatedOnToolsVersion = 14.0.1;
						TestTargetID = A57E150C29C0A62900129006;
					};
					A57E152C29C0A62B00129006 = {
						CreatedOnToolsVersion = 14.0.1;
						TestTargetID = A57E150C29C0A62900129006;
					};
				};
			};
			buildConfigurationList = A57E150829C0A62900129006 /* Build configuration list for PBXProject "NTProTest" */;
			compatibilityVersion = "Xcode 14.0";
			developmentRegion = en;
			hasScannedForEncodings = 0;
			knownRegions = (
				en,
				Base,
			);
			mainGroup = A57E150429C0A62900129006;
			productRefGroup = A57E150E29C0A62900129006 /* Products */;
			projectDirPath = "";
			projectRoot = "";
			targets = (
				A57E150C29C0A62900129006 /* NTProTest */,
				A57E152229C0A62B00129006 /* NTProTestTests */,
				A57E152C29C0A62B00129006 /* NTProTestUITests */,
			);
		};
/* End PBXProject section */

/* Begin PBXResourcesBuildPhase section */
		A57E150B29C0A62900129006 /* Resources */ = {
			isa = PBXResourcesBuildPhase;
			buildActionMask = 2147483647;
			files = (
				A57E151D29C0A62B00129006 /* LaunchScreen.storyboard in Resources */,
				A57E151A29C0A62B00129006 /* Assets.xcassets in Resources */,
			);
			runOnlyForDeploymentPostprocessing = 0;
		};
		A57E152129C0A62B00129006 /* Resources */ = {
			isa = PBXResourcesBuildPhase;
			buildActionMask = 2147483647;
			files = (
			);
			runOnlyForDeploymentPostprocessing = 0;
		};
		A57E152B29C0A62B00129006 /* Resources */ = {
			isa = PBXResourcesBuildPhase;
			buildActionMask = 2147483647;
			files = (
			);
			runOnlyForDeploymentPostprocessing = 0;
		};
/* End PBXResourcesBuildPhase section */

/* Begin PBXSourcesBuildPhase section */
		A57E150929C0A62900129006 /* Sources */ = {
			isa = PBXSourcesBuildPhase;
			buildActionMask = 2147483647;
			files = (
				A57E154B29C0F58800129006 /* Server.swift in Sources */,
				A57E155629C0F64E00129006 /* DealsViewProtocol.swift in Sources */,
				A57E151529C0A62900129006 /* DealsListViewController.swift in Sources */,
				A57E155829C0F76500129006 /* DealsModulBuilder.swift in Sources */,
				A57E155E29C0F8BB00129006 /* Routable.swift in Sources */,
				A57E151129C0A62900129006 /* AppDelegate.swift in Sources */,
				A57E156129C0F90100129006 /* DealsRouter.swift in Sources */,
				A57E154D29C0F59600129006 /* Deal.swift in Sources */,
				A57E154329C0ABB800129006 /* DealCell.swift in Sources */,
				A57E154729C0ACA100129006 /* HeaderCell.swift in Sources */,
				A57E155429C0F63A00129006 /* DealsPresenterProtocol.swift in Sources */,
				A57E156829C10ADF00129006 /* FiltersTypes.swift in Sources */,
				A57E154929C0E37100129006 /* FiltersView.swift in Sources */,
				A57E155A29C0F81B00129006 /* ServerProtocol.swift in Sources */,
				A57E155229C0F61F00129006 /* DealsPresenter.swift in Sources */,
				A57E151329C0A62900129006 /* SceneDelegate.swift in Sources */,
			);
			runOnlyForDeploymentPostprocessing = 0;
		};
		A57E151F29C0A62B00129006 /* Sources */ = {
			isa = PBXSourcesBuildPhase;
			buildActionMask = 2147483647;
			files = (
				A57E152829C0A62B00129006 /* NTProTestTests.swift in Sources */,
			);
			runOnlyForDeploymentPostprocessing = 0;
		};
		A57E152929C0A62B00129006 /* Sources */ = {
			isa = PBXSourcesBuildPhase;
			buildActionMask = 2147483647;
			files = (
				A57E153429C0A62B00129006 /* NTProTestUITestsLaunchTests.swift in Sources */,
				A57E153229C0A62B00129006 /* NTProTestUITests.swift in Sources */,
			);
			runOnlyForDeploymentPostprocessing = 0;
		};
/* End PBXSourcesBuildPhase section */

/* Begin PBXTargetDependency section */
		A57E152529C0A62B00129006 /* PBXTargetDependency */ = {
			isa = PBXTargetDependency;
			target = A57E150C29C0A62900129006 /* NTProTest */;
			targetProxy = A57E152429C0A62B00129006 /* PBXContainerItemProxy */;
		};
		A57E152F29C0A62B00129006 /* PBXTargetDependency */ = {
			isa = PBXTargetDependency;
			target = A57E150C29C0A62900129006 /* NTProTest */;
			targetProxy = A57E152E29C0A62B00129006 /* PBXContainerItemProxy */;
		};
/* End PBXTargetDependency section */

/* Begin PBXVariantGroup section */
		A57E151B29C0A62B00129006 /* LaunchScreen.storyboard */ = {
			isa = PBXVariantGroup;
			children = (
				A57E151C29C0A62B00129006 /* Base */,
			);
			name = LaunchScreen.storyboard;
			sourceTree = "<group>";
		};
/* End PBXVariantGroup section */

/* Begin XCBuildConfiguration section */
		A57E153529C0A62B00129006 /* Debug */ = {
			isa = XCBuildConfiguration;
			buildSettings = {
				ALWAYS_SEARCH_USER_PATHS = NO;
				CLANG_ANALYZER_NONNULL = YES;
				CLANG_ANALYZER_NUMBER_OBJECT_CONVERSION = YES_AGGRESSIVE;
				CLANG_CXX_LANGUAGE_STANDARD = "gnu++20";
				CLANG_ENABLE_MODULES = YES;
				CLANG_ENABLE_OBJC_ARC = YES;
				CLANG_ENABLE_OBJC_WEAK = YES;
				CLANG_WARN_BLOCK_CAPTURE_AUTORELEASING = YES;
				CLANG_WARN_BOOL_CONVERSION = YES;
				CLANG_WARN_COMMA = YES;
				CLANG_WARN_CONSTANT_CONVERSION = YES;
				CLANG_WARN_DEPRECATED_OBJC_IMPLEMENTATIONS = YES;
				CLANG_WARN_DIRECT_OBJC_ISA_USAGE = YES_ERROR;
				CLANG_WARN_DOCUMENTATION_COMMENTS = YES;
				CLANG_WARN_EMPTY_BODY = YES;
				CLANG_WARN_ENUM_CONVERSION = YES;
				CLANG_WARN_INFINITE_RECURSION = YES;
				CLANG_WARN_INT_CONVERSION = YES;
				CLANG_WARN_NON_LITERAL_NULL_CONVERSION = YES;
				CLANG_WARN_OBJC_IMPLICIT_RETAIN_SELF = YES;
				CLANG_WARN_OBJC_LITERAL_CONVERSION = YES;
				CLANG_WARN_OBJC_ROOT_CLASS = YES_ERROR;
				CLANG_WARN_QUOTED_INCLUDE_IN_FRAMEWORK_HEADER = YES;
				CLANG_WARN_RANGE_LOOP_ANALYSIS = YES;
				CLANG_WARN_STRICT_PROTOTYPES = YES;
				CLANG_WARN_SUSPICIOUS_MOVE = YES;
				CLANG_WARN_UNGUARDED_AVAILABILITY = YES_AGGRESSIVE;
				CLANG_WARN_UNREACHABLE_CODE = YES;
				CLANG_WARN__DUPLICATE_METHOD_MATCH = YES;
				COPY_PHASE_STRIP = NO;
				DEBUG_INFORMATION_FORMAT = dwarf;
				ENABLE_STRICT_OBJC_MSGSEND = YES;
				ENABLE_TESTABILITY = YES;
				GCC_C_LANGUAGE_STANDARD = gnu11;
				GCC_DYNAMIC_NO_PIC = NO;
				GCC_NO_COMMON_BLOCKS = YES;
				GCC_OPTIMIZATION_LEVEL = 0;
				GCC_PREPROCESSOR_DEFINITIONS = (
					"DEBUG=1",
					"$(inherited)",
				);
				GCC_WARN_64_TO_32_BIT_CONVERSION = YES;
				GCC_WARN_ABOUT_RETURN_TYPE = YES_ERROR;
				GCC_WARN_UNDECLARED_SELECTOR = YES;
				GCC_WARN_UNINITIALIZED_AUTOS = YES_AGGRESSIVE;
				GCC_WARN_UNUSED_FUNCTION = YES;
				GCC_WARN_UNUSED_VARIABLE = YES;
				IPHONEOS_DEPLOYMENT_TARGET = 16.0;
				MTL_ENABLE_DEBUG_INFO = INCLUDE_SOURCE;
				MTL_FAST_MATH = YES;
				ONLY_ACTIVE_ARCH = YES;
				SDKROOT = iphoneos;
				SWIFT_ACTIVE_COMPILATION_CONDITIONS = DEBUG;
				SWIFT_OPTIMIZATION_LEVEL = "-Onone";
			};
			name = Debug;
		};
		A57E153629C0A62B00129006 /* Release */ = {
			isa = XCBuildConfiguration;
			buildSettings = {
				ALWAYS_SEARCH_USER_PATHS = NO;
				CLANG_ANALYZER_NONNULL = YES;
				CLANG_ANALYZER_NUMBER_OBJECT_CONVERSION = YES_AGGRESSIVE;
				CLANG_CXX_LANGUAGE_STANDARD = "gnu++20";
				CLANG_ENABLE_MODULES = YES;
				CLANG_ENABLE_OBJC_ARC = YES;
				CLANG_ENABLE_OBJC_WEAK = YES;
				CLANG_WARN_BLOCK_CAPTURE_AUTORELEASING = YES;
				CLANG_WARN_BOOL_CONVERSION = YES;
				CLANG_WARN_COMMA = YES;
				CLANG_WARN_CONSTANT_CONVERSION = YES;
				CLANG_WARN_DEPRECATED_OBJC_IMPLEMENTATIONS = YES;
				CLANG_WARN_DIRECT_OBJC_ISA_USAGE = YES_ERROR;
				CLANG_WARN_DOCUMENTATION_COMMENTS = YES;
				CLANG_WARN_EMPTY_BODY = YES;
				CLANG_WARN_ENUM_CONVERSION = YES;
				CLANG_WARN_INFINITE_RECURSION = YES;
				CLANG_WARN_INT_CONVERSION = YES;
				CLANG_WARN_NON_LITERAL_NULL_CONVERSION = YES;
				CLANG_WARN_OBJC_IMPLICIT_RETAIN_SELF = YES;
				CLANG_WARN_OBJC_LITERAL_CONVERSION = YES;
				CLANG_WARN_OBJC_ROOT_CLASS = YES_ERROR;
				CLANG_WARN_QUOTED_INCLUDE_IN_FRAMEWORK_HEADER = YES;
				CLANG_WARN_RANGE_LOOP_ANALYSIS = YES;
				CLANG_WARN_STRICT_PROTOTYPES = YES;
				CLANG_WARN_SUSPICIOUS_MOVE = YES;
				CLANG_WARN_UNGUARDED_AVAILABILITY = YES_AGGRESSIVE;
				CLANG_WARN_UNREACHABLE_CODE = YES;
				CLANG_WARN__DUPLICATE_METHOD_MATCH = YES;
				COPY_PHASE_STRIP = NO;
				DEBUG_INFORMATION_FORMAT = "dwarf-with-dsym";
				ENABLE_NS_ASSERTIONS = NO;
				ENABLE_STRICT_OBJC_MSGSEND = YES;
				GCC_C_LANGUAGE_STANDARD = gnu11;
				GCC_NO_COMMON_BLOCKS = YES;
				GCC_WARN_64_TO_32_BIT_CONVERSION = YES;
				GCC_WARN_ABOUT_RETURN_TYPE = YES_ERROR;
				GCC_WARN_UNDECLARED_SELECTOR = YES;
				GCC_WARN_UNINITIALIZED_AUTOS = YES_AGGRESSIVE;
				GCC_WARN_UNUSED_FUNCTION = YES;
				GCC_WARN_UNUSED_VARIABLE = YES;
				IPHONEOS_DEPLOYMENT_TARGET = 16.0;
				MTL_ENABLE_DEBUG_INFO = NO;
				MTL_FAST_MATH = YES;
				SDKROOT = iphoneos;
				SWIFT_COMPILATION_MODE = wholemodule;
				SWIFT_OPTIMIZATION_LEVEL = "-O";
				VALIDATE_PRODUCT = YES;
			};
			name = Release;
		};
		A57E153829C0A62B00129006 /* Debug */ = {
			isa = XCBuildConfiguration;
			buildSettings = {
				ASSETCATALOG_COMPILER_APPICON_NAME = AppIcon;
				ASSETCATALOG_COMPILER_GLOBAL_ACCENT_COLOR_NAME = AccentColor;
				CODE_SIGN_STYLE = Automatic;
				CURRENT_PROJECT_VERSION = 1;
				DEVELOPMENT_TEAM = T89X3T8CX6;
				GENERATE_INFOPLIST_FILE = YES;
				INFOPLIST_FILE = NTProTest/Info.plist;
				INFOPLIST_KEY_UIApplicationSupportsIndirectInputEvents = YES;
				INFOPLIST_KEY_UILaunchStoryboardName = LaunchScreen;
				INFOPLIST_KEY_UISupportedInterfaceOrientations_iPad = "UIInterfaceOrientationPortrait UIInterfaceOrientationPortraitUpsideDown UIInterfaceOrientationLandscapeLeft UIInterfaceOrientationLandscapeRight";
				INFOPLIST_KEY_UISupportedInterfaceOrientations_iPhone = "UIInterfaceOrientationPortrait UIInterfaceOrientationLandscapeLeft UIInterfaceOrientationLandscapeRight";
				LD_RUNPATH_SEARCH_PATHS = (
					"$(inherited)",
					"@executable_path/Frameworks",
				);
				MARKETING_VERSION = 1.0;
				PRODUCT_BUNDLE_IDENTIFIER = "-.NTProTest";
				PRODUCT_NAME = "$(TARGET_NAME)";
				SWIFT_EMIT_LOC_STRINGS = YES;
				SWIFT_VERSION = 5.0;
				TARGETED_DEVICE_FAMILY = "1,2";
			};
			name = Debug;
		};
		A57E153929C0A62B00129006 /* Release */ = {
			isa = XCBuildConfiguration;
			buildSettings = {
				ASSETCATALOG_COMPILER_APPICON_NAME = AppIcon;
				ASSETCATALOG_COMPILER_GLOBAL_ACCENT_COLOR_NAME = AccentColor;
				CODE_SIGN_STYLE = Automatic;
				CURRENT_PROJECT_VERSION = 1;
				DEVELOPMENT_TEAM = T89X3T8CX6;
				GENERATE_INFOPLIST_FILE = YES;
				INFOPLIST_FILE = NTProTest/Info.plist;
				INFOPLIST_KEY_UIApplicationSupportsIndirectInputEvents = YES;
				INFOPLIST_KEY_UILaunchStoryboardName = LaunchScreen;
				INFOPLIST_KEY_UISupportedInterfaceOrientations_iPad = "UIInterfaceOrientationPortrait UIInterfaceOrientationPortraitUpsideDown UIInterfaceOrientationLandscapeLeft UIInterfaceOrientationLandscapeRight";
				INFOPLIST_KEY_UISupportedInterfaceOrientations_iPhone = "UIInterfaceOrientationPortrait UIInterfaceOrientationLandscapeLeft UIInterfaceOrientationLandscapeRight";
				LD_RUNPATH_SEARCH_PATHS = (
					"$(inherited)",
					"@executable_path/Frameworks",
				);
				MARKETING_VERSION = 1.0;
				PRODUCT_BUNDLE_IDENTIFIER = "-.NTProTest";
				PRODUCT_NAME = "$(TARGET_NAME)";
				SWIFT_EMIT_LOC_STRINGS = YES;
				SWIFT_VERSION = 5.0;
				TARGETED_DEVICE_FAMILY = "1,2";
			};
			name = Release;
		};
		A57E153B29C0A62B00129006 /* Debug */ = {
			isa = XCBuildConfiguration;
			buildSettings = {
				ALWAYS_EMBED_SWIFT_STANDARD_LIBRARIES = YES;
				BUNDLE_LOADER = "$(TEST_HOST)";
				CODE_SIGN_STYLE = Automatic;
				CURRENT_PROJECT_VERSION = 1;
				DEVELOPMENT_TEAM = T89X3T8CX6;
				GENERATE_INFOPLIST_FILE = YES;
				IPHONEOS_DEPLOYMENT_TARGET = 16.0;
				MARKETING_VERSION = 1.0;
				PRODUCT_BUNDLE_IDENTIFIER = "-.NTProTestTests";
				PRODUCT_NAME = "$(TARGET_NAME)";
				SWIFT_EMIT_LOC_STRINGS = NO;
				SWIFT_VERSION = 5.0;
				TARGETED_DEVICE_FAMILY = "1,2";
				TEST_HOST = "$(BUILT_PRODUCTS_DIR)/NTProTest.app/$(BUNDLE_EXECUTABLE_FOLDER_PATH)/NTProTest";
			};
			name = Debug;
		};
		A57E153C29C0A62B00129006 /* Release */ = {
			isa = XCBuildConfiguration;
			buildSettings = {
				ALWAYS_EMBED_SWIFT_STANDARD_LIBRARIES = YES;
				BUNDLE_LOADER = "$(TEST_HOST)";
				CODE_SIGN_STYLE = Automatic;
				CURRENT_PROJECT_VERSION = 1;
				DEVELOPMENT_TEAM = T89X3T8CX6;
				GENERATE_INFOPLIST_FILE = YES;
				IPHONEOS_DEPLOYMENT_TARGET = 16.0;
				MARKETING_VERSION = 1.0;
				PRODUCT_BUNDLE_IDENTIFIER = "-.NTProTestTests";
				PRODUCT_NAME = "$(TARGET_NAME)";
				SWIFT_EMIT_LOC_STRINGS = NO;
				SWIFT_VERSION = 5.0;
				TARGETED_DEVICE_FAMILY = "1,2";
				TEST_HOST = "$(BUILT_PRODUCTS_DIR)/NTProTest.app/$(BUNDLE_EXECUTABLE_FOLDER_PATH)/NTProTest";
			};
			name = Release;
		};
		A57E153E29C0A62B00129006 /* Debug */ = {
			isa = XCBuildConfiguration;
			buildSettings = {
				ALWAYS_EMBED_SWIFT_STANDARD_LIBRARIES = YES;
				CODE_SIGN_STYLE = Automatic;
				CURRENT_PROJECT_VERSION = 1;
				DEVELOPMENT_TEAM = T89X3T8CX6;
				GENERATE_INFOPLIST_FILE = YES;
				MARKETING_VERSION = 1.0;
				PRODUCT_BUNDLE_IDENTIFIER = "-.NTProTestUITests";
				PRODUCT_NAME = "$(TARGET_NAME)";
				SWIFT_EMIT_LOC_STRINGS = NO;
				SWIFT_VERSION = 5.0;
				TARGETED_DEVICE_FAMILY = "1,2";
				TEST_TARGET_NAME = NTProTest;
			};
			name = Debug;
		};
		A57E153F29C0A62B00129006 /* Release */ = {
			isa = XCBuildConfiguration;
			buildSettings = {
				ALWAYS_EMBED_SWIFT_STANDARD_LIBRARIES = YES;
				CODE_SIGN_STYLE = Automatic;
				CURRENT_PROJECT_VERSION = 1;
				DEVELOPMENT_TEAM = T89X3T8CX6;
				GENERATE_INFOPLIST_FILE = YES;
				MARKETING_VERSION = 1.0;
				PRODUCT_BUNDLE_IDENTIFIER = "-.NTProTestUITests";
				PRODUCT_NAME = "$(TARGET_NAME)";
				SWIFT_EMIT_LOC_STRINGS = NO;
				SWIFT_VERSION = 5.0;
				TARGETED_DEVICE_FAMILY = "1,2";
				TEST_TARGET_NAME = NTProTest;
			};
			name = Release;
		};
/* End XCBuildConfiguration section */

/* Begin XCConfigurationList section */
		A57E150829C0A62900129006 /* Build configuration list for PBXProject "NTProTest" */ = {
			isa = XCConfigurationList;
			buildConfigurations = (
				A57E153529C0A62B00129006 /* Debug */,
				A57E153629C0A62B00129006 /* Release */,
			);
			defaultConfigurationIsVisible = 0;
			defaultConfigurationName = Release;
		};
		A57E153729C0A62B00129006 /* Build configuration list for PBXNativeTarget "NTProTest" */ = {
			isa = XCConfigurationList;
			buildConfigurations = (
				A57E153829C0A62B00129006 /* Debug */,
				A57E153929C0A62B00129006 /* Release */,
			);
			defaultConfigurationIsVisible = 0;
			defaultConfigurationName = Release;
		};
		A57E153A29C0A62B00129006 /* Build configuration list for PBXNativeTarget "NTProTestTests" */ = {
			isa = XCConfigurationList;
			buildConfigurations = (
				A57E153B29C0A62B00129006 /* Debug */,
				A57E153C29C0A62B00129006 /* Release */,
			);
			defaultConfigurationIsVisible = 0;
			defaultConfigurationName = Release;
		};
		A57E153D29C0A62B00129006 /* Build configuration list for PBXNativeTarget "NTProTestUITests" */ = {
			isa = XCConfigurationList;
			buildConfigurations = (
				A57E153E29C0A62B00129006 /* Debug */,
				A57E153F29C0A62B00129006 /* Release */,
			);
			defaultConfigurationIsVisible = 0;
			defaultConfigurationName = Release;
		};
/* End XCConfigurationList section */
	};
	rootObject = A57E150529C0A62900129006 /* Project object */;
}
